# THIS IS AN AUTOGENERATED FILE. DO NOT EDIT THIS FILE DIRECTLY.
# yarn lockfile v1


git-cz@^4.7.1:
  version "4.7.1"
  resolved "https://registry.yarnpkg.com/git-cz/-/git-cz-4.7.1.tgz#90edaa8dba1ec8be689b22fbf8d006c44b21b31f"
  integrity sha512-Emb/Xz/LcL3SGxA/PD6RUrhUT6m2v0O9nWTjwCBAoE2UXxj9HkJcfphL3RkePtiTNFkVZMk0q5EUfHnO7HAfiw==
